
Microsoft Visual Studio Solution File, Format Version 12.00
# Visual Studio Version 16
VisualStudioVersion = 16.0.29911.84
MinimumVisualStudioVersion = 10.0.40219.1
Project("{FAE04EC0-301F-11D3-BF4B-00C04F79EFBC}") = "HelloWorld_Read_Write_Console", "HelloWorld_Read_Write_Console\HelloWorld_Read_Write_Console.csproj", "{E104B404-5A94-43A7-9E2B-7B624456E275}"
EndProject
Global
	GlobalSection(SolutionConfigurationPlatforms) = preSolution
		Debug|Any CPU = Debug|Any CPU
		Release|Any CPU = Release|Any CPU
	EndGlobalSection
	GlobalSection(ProjectConfigurationPlatforms) = postSolution
		{E104B404-5A94-43A7-9E2B-7B624456E275}.Debug|Any CPU.ActiveCfg = Debug|Any CPU
		{E104B404-5A94-43A7-9E2B-7B624456E275}.Debug|Any CPU.Build.0 = Debug|Any CPU
		{E104B404-5A94-43A7-9E2B-7B624456E275}.Release|Any CPU.ActiveCfg = Release|Any CPU
		{E104B404-5A94-43A7-9E2B-7B624456E275}.Release|Any CPU.Build.0 = Release|Any CPU
	EndGlobalSection
	GlobalSection(SolutionProperties) = preSolution
		HideSolutionNode = FALSE
	EndGlobalSection
	GlobalSection(ExtensibilityGlobals) = postSolution
		SolutionGuid = {65B79C01-B9EA-4AD1-BC7C-CE0D44975565}
	EndGlobalSection
EndGlobal
